
Microsoft Visual Studio Solution File, Format Version 12.00
# Visual Studio Version 16
VisualStudioVersion = 16.0.30011.22
MinimumVisualStudioVersion = 10.0.40219.1
Project("{FAE04EC0-301F-11D3-BF4B-00C04F79EFBC}") = "AutoCaption", "AutoCaption\AutoCaption.csproj", "{DF782272-A02A-4070-AAE8-3A4F3C860D3B}"
EndProject
Global
	GlobalSection(SolutionConfigurationPlatforms) = preSolution
		Debug|Any CPU = Debug|Any CPU
		Release|Any CPU = Release|Any CPU
	EndGlobalSection
	GlobalSection(ProjectConfigurationPlatforms) = postSolution
		{DF782272-A02A-4070-AAE8-3A4F3C860D3B}.Debug|Any CPU.ActiveCfg = Debug|Any CPU
		{DF782272-A02A-4070-AAE8-3A4F3C860D3B}.Debug|Any CPU.Build.0 = Debug|Any CPU
		{DF782272-A02A-4070-AAE8-3A4F3C860D3B}.Release|Any CPU.ActiveCfg = Release|Any CPU
		{DF782272-A02A-4070-AAE8-3A4F3C860D3B}.Release|Any CPU.Build.0 = Release|Any CPU
	EndGlobalSection
	GlobalSection(SolutionProperties) = preSolution
		HideSolutionNode = FALSE
	EndGlobalSection
	GlobalSection(ExtensibilityGlobals) = postSolution
		SolutionGuid = {A8642A3C-DE01-496D-859A-5A1D14B3B9C8}
	EndGlobalSection
EndGlobal
